
Microsoft Visual Studio Solution File, Format Version 12.00
# Visual Studio 15
VisualStudioVersion = 15.0.28307.489
MinimumVisualStudioVersion = 10.0.40219.1
Project("{FAE04EC0-301F-11D3-BF4B-00C04F79EFBC}") = "WPFDemos", "WPFDemos\WPFDemos.csproj", "{E445A27C-76F4-416F-B91D-D0322543D14B}"
EndProject
Project("{FAE04EC0-301F-11D3-BF4B-00C04F79EFBC}") = "SortOfScoreboard", "SortOfScoreboard\SortOfScoreboard.csproj", "{736A2B87-F4BF-47E9-A36F-DDE03BF27739}"
EndProject
Global
	GlobalSection(SolutionConfigurationPlatforms) = preSolution
		Debug|Any CPU = Debug|Any CPU
		Release|Any CPU = Release|Any CPU
	EndGlobalSection
	GlobalSection(ProjectConfigurationPlatforms) = postSolution
		{E445A27C-76F4-416F-B91D-D0322543D14B}.Debug|Any CPU.ActiveCfg = Debug|Any CPU
		{E445A27C-76F4-416F-B91D-D0322543D14B}.Debug|Any CPU.Build.0 = Debug|Any CPU
		{E445A27C-76F4-416F-B91D-D0322543D14B}.Release|Any CPU.ActiveCfg = Release|Any CPU
		{E445A27C-76F4-416F-B91D-D0322543D14B}.Release|Any CPU.Build.0 = Release|Any CPU
		{736A2B87-F4BF-47E9-A36F-DDE03BF27739}.Debug|Any CPU.ActiveCfg = Debug|Any CPU
		{736A2B87-F4BF-47E9-A36F-DDE03BF27739}.Debug|Any CPU.Build.0 = Debug|Any CPU
		{736A2B87-F4BF-47E9-A36F-DDE03BF27739}.Release|Any CPU.ActiveCfg = Release|Any CPU
		{736A2B87-F4BF-47E9-A36F-DDE03BF27739}.Release|Any CPU.Build.0 = Release|Any CPU
	EndGlobalSection
	GlobalSection(SolutionProperties) = preSolution
		HideSolutionNode = FALSE
	EndGlobalSection
	GlobalSection(ExtensibilityGlobals) = postSolution
		SolutionGuid = {90B514CF-B6DC-4126-A8AC-0BC848EF717D}
	EndGlobalSection
EndGlobal
